
Microsoft Visual Studio Solution File, Format Version 12.00
# Visual Studio Version 17
VisualStudioVersion = 17.5.33530.505
MinimumVisualStudioVersion = 10.0.40219.1
Project("{FAE04EC0-301F-11D3-BF4B-00C04F79EFBC}") = "CyberEnergy", "CyberEnergy\CyberEnergy.csproj", "{E6DF9959-1347-4313-B814-A1C81F970E75}"
EndProject
Global
	GlobalSection(SolutionConfigurationPlatforms) = preSolution
		Debug|Any CPU = Debug|Any CPU
		Release|Any CPU = Release|Any CPU
	EndGlobalSection
	GlobalSection(ProjectConfigurationPlatforms) = postSolution
		{E6DF9959-1347-4313-B814-A1C81F970E75}.Debug|Any CPU.ActiveCfg = Debug|Any CPU
		{E6DF9959-1347-4313-B814-A1C81F970E75}.Debug|Any CPU.Build.0 = Debug|Any CPU
		{E6DF9959-1347-4313-B814-A1C81F970E75}.Release|Any CPU.ActiveCfg = Release|Any CPU
		{E6DF9959-1347-4313-B814-A1C81F970E75}.Release|Any CPU.Build.0 = Release|Any CPU
	EndGlobalSection
	GlobalSection(SolutionProperties) = preSolution
		HideSolutionNode = FALSE
	EndGlobalSection
	GlobalSection(ExtensibilityGlobals) = postSolution
		SolutionGuid = {23A16D31-420A-4053-8E4B-78DBB3028A5F}
	EndGlobalSection
EndGlobal
